// !$*UTF8*$!
{
	archiveVersion = 1;
	classes = {
	};
	objectVersion = 46;
	objects = {

/* Begin PBXBuildFile section */
		9BC95BD41B189E2C0078DCAE /* main.m in Sources */ = {isa = PBXBuildFile; fileRef = 9BC95BD31B189E2C0078DCAE /* main.m */; };
		9BC95BD71B189E2C0078DCAE /* AppDelegate.m in Sources */ = {isa = PBXBuildFile; fileRef = 9BC95BD61B189E2C0078DCAE /* AppDelegate.m */; };
		9BC95BDA1B189E2C0078DCAE /* Contacts.xcdatamodeld in Sources */ = {isa = PBXBuildFile; fileRef = 9BC95BD81B189E2C0078DCAE /* Contacts.xcdatamodeld */; };
		9BC95BDD1B189E2C0078DCAE /* MasterViewController.m in Sources */ = {isa = PBXBuildFile; fileRef = 9BC95BDC1B189E2C0078DCAE /* MasterViewController.m */; };
		9BC95BE01B189E2C0078DCAE /* DetailViewController.m in Sources */ = {isa = PBXBuildFile; fileRef = 9BC95BDF1B189E2C0078DCAE /* DetailViewController.m */; };
		9BC95BE31B189E2C0078DCAE /* Main.storyboard in Resources */ = {isa = PBXBuildFile; fileRef = 9BC95BE11B189E2C0078DCAE /* Main.storyboard */; };
		9BC95BE51B189E2C0078DCAE /* Images.xcassets in Resources */ = {isa = PBXBuildFile; fileRef = 9BC95BE41B189E2C0078DCAE /* Images.xcassets */; };
		9BC95BE81B189E2C0078DCAE /* LaunchScreen.xib in Resources */ = {isa = PBXBuildFile; fileRef = 9BC95BE61B189E2C0078DCAE /* LaunchScreen.xib */; };
		9BC95BF41B189E2C0078DCAE /* ContactsTests.m in Sources */ = {isa = PBXBuildFile; fileRef = 9BC95BF31B189E2C0078DCAE /* ContactsTests.m */; };
/* End PBXBuildFile section */

/* Begin PBXContainerItemProxy section */
		9BC95BEE1B189E2C0078DCAE /* PBXContainerItemProxy */ = {
			isa = PBXContainerItemProxy;
			containerPortal = 9BC95BC61B189E2C0078DCAE /* Project object */;
			proxyType = 1;
			remoteGlobalIDString = 9BC95BCD1B189E2C0078DCAE;
			remoteInfo = Contacts;
		};
/* End PBXContainerItemProxy section */

/* Begin PBXFileReference section */
		9BC95BCE1B189E2C0078DCAE /* Contacts.app */ = {isa = PBXFileReference; explicitFileType = wrapper.application; includeInIndex = 0; path = Contacts.app; sourceTree = BUILT_PRODUCTS_DIR; };
		9BC95BD21B189E2C0078DCAE /* Info.plist */ = {isa = PBXFileReference; lastKnownFileType = text.plist.xml; path = Info.plist; sourceTree = "<group>"; };
		9BC95BD31B189E2C0078DCAE /* main.m */ = {isa = PBXFileReference; lastKnownFileType = sourcecode.c.objc; path = main.m; sourceTree = "<group>"; };
		9BC95BD51B189E2C0078DCAE /* AppDelegate.h */ = {isa = PBXFileReference; lastKnownFileType = sourcecode.c.h; path = AppDelegate.h; sourceTree = "<group>"; };
		9BC95BD61B189E2C0078DCAE /* AppDelegate.m */ = {isa = PBXFileReference; lastKnownFileType = sourcecode.c.objc; path = AppDelegate.m; sourceTree = "<group>"; };
		9BC95BD91B189E2C0078DCAE /* Contacts.xcdatamodel */ = {isa = PBXFileReference; lastKnownFileType = wrapper.xcdatamodel; path = Contacts.xcdatamodel; sourceTree = "<group>"; };
		9BC95BDB1B189E2C0078DCAE /* MasterViewController.h */ = {isa = PBXFileReference; lastKnownFileType = sourcecode.c.h; path = MasterViewController.h; sourceTree = "<group>"; };
		9BC95BDC1B189E2C0078DCAE /* MasterViewController.m */ = {isa = PBXFileReference; lastKnownFileType = sourcecode.c.objc; path = MasterViewController.m; sourceTree = "<group>"; };
		9BC95BDE1B189E2C0078DCAE /* DetailViewController.h */ = {isa = PBXFileReference; lastKnownFileType = sourcecode.c.h; path = DetailViewController.h; sourceTree = "<group>"; };
		9BC95BDF1B189E2C0078DCAE /* DetailViewController.m */ = {isa = PBXFileReference; lastKnownFileType = sourcecode.c.objc; path = DetailViewController.m; sourceTree = "<group>"; };
		9BC95BE21B189E2C0078DCAE /* Base */ = {isa = PBXFileReference; lastKnownFileType = file.storyboard; name = Base; path = Base.lproj/Main.storyboard; sourceTree = "<group>"; };
		9BC95BE41B189E2C0078DCAE /* Images.xcassets */ = {isa = PBXFileReference; lastKnownFileType = folder.assetcatalog; path = Images.xcassets; sourceTree = "<group>"; };
		9BC95BE71B189E2C0078DCAE /* Base */ = {isa = PBXFileReference; lastKnownFileType = file.xib; name = Base; path = Base.lproj/LaunchScreen.xib; sourceTree = "<group>"; };
		9BC95BED1B189E2C0078DCAE /* ContactsTests.xctest */ = {isa = PBXFileReference; explicitFileType = wrapper.cfbundle; includeInIndex = 0; path = ContactsTests.xctest; sourceTree = BUILT_PRODUCTS_DIR; };
		9BC95BF21B189E2C0078DCAE /* Info.plist */ = {isa = PBXFileReference; lastKnownFileType = text.plist.xml; path = Info.plist; sourceTree = "<group>"; };
		9BC95BF31B189E2C0078DCAE /* ContactsTests.m */ = {isa = PBXFileReference; lastKnownFileType = sourcecode.c.objc; path = ContactsTests.m; sourceTree = "<group>"; };
/* End PBXFileReference section */

/* Begin PBXFrameworksBuildPhase section */
		9BC95BCB1B189E2C0078DCAE /* Frameworks */ = {
			isa = PBXFrameworksBuildPhase;
			buildActionMask = 2147483647;
			files = (
			);
			runOnlyForDeploymentPostprocessing = 0;
		};
		9BC95BEA1B189E2C0078DCAE /* Frameworks */ = {
			isa = PBXFrameworksBuildPhase;
			buildActionMask = 2147483647;
			files = (
			);
			runOnlyForDeploymentPostprocessing = 0;
		};
/* End PBXFrameworksBuildPhase section */

/* Begin PBXGroup section */
		9BC95BC51B189E2C0078DCAE = {
			isa = PBXGroup;
			children = (
				9BC95BD01B189E2C0078DCAE /* Contacts */,
				9BC95BF01B189E2C0078DCAE /* ContactsTests */,
				9BC95BCF1B189E2C0078DCAE /* Products */,
			);
			sourceTree = "<group>";
		};
		9BC95BCF1B189E2C0078DCAE /* Products */ = {
			isa = PBXGroup;
			children = (
				9BC95BCE1B189E2C0078DCAE /* Contacts.app */,
				9BC95BED1B189E2C0078DCAE /* ContactsTests.xctest */,
			);
			name = Products;
			sourceTree = "<group>";
		};
		9BC95BD01B189E2C0078DCAE /* Contacts */ = {
			isa = PBXGroup;
			children = (
				9BC95BD51B189E2C0078DCAE /* AppDelegate.h */,
				9BC95BD61B189E2C0078DCAE /* AppDelegate.m */,
				9BC95BDB1B189E2C0078DCAE /* MasterViewController.h */,
				9BC95BDC1B189E2C0078DCAE /* MasterViewController.m */,
				9BC95BDE1B189E2C0078DCAE /* DetailViewController.h */,
				9BC95BDF1B189E2C0078DCAE /* DetailViewController.m */,
				9BC95BE11B189E2C0078DCAE /* Main.storyboard */,
				9BC95BE41B189E2C0078DCAE /* Images.xcassets */,
				9BC95BE61B189E2C0078DCAE /* LaunchScreen.xib */,
				9BC95BD81B189E2C0078DCAE /* Contacts.xcdatamodeld */,
				9BC95BD11B189E2C0078DCAE /* Supporting Files */,
			);
			path = Contacts;
			sourceTree = "<group>";
		};
		9BC95BD11B189E2C0078DCAE /* Supporting Files */ = {
			isa = PBXGroup;
			children = (
				9BC95BD21B189E2C0078DCAE /* Info.plist */,
				9BC95BD31B189E2C0078DCAE /* main.m */,
			);
			name = "Supporting Files";
			sourceTree = "<group>";
		};
		9BC95BF01B189E2C0078DCAE /* ContactsTests */ = {
			isa = PBXGroup;
			children = (
				9BC95BF31B189E2C0078DCAE /* ContactsTests.m */,
				9BC95BF11B189E2C0078DCAE /* Supporting Files */,
			);
			path = ContactsTests;
			sourceTree = "<group>";
		};
		9BC95BF11B189E2C0078DCAE /* Supporting Files */ = {
			isa = PBXGroup;
			children = (
				9BC95BF21B189E2C0078DCAE /* Info.plist */,
			);
			name = "Supporting Files";
			sourceTree = "<group>";
		};
/* End PBXGroup section */

/* Begin PBXNativeTarget section */
		9BC95BCD1B189E2C0078DCAE /* Contacts */ = {
			isa = PBXNativeTarget;
			buildConfigurationList = 9BC95BF71B189E2C0078DCAE /* Build configuration list for PBXNativeTarget "Contacts" */;
			buildPhases = (
				9BC95BCA1B189E2C0078DCAE /* Sources */,
				9BC95BCB1B189E2C0078DCAE /* Frameworks */,
				9BC95BCC1B189E2C0078DCAE /* Resources */,
			);
			buildRules = (
			);
			dependencies = (
			);
			name = Contacts;
			productName = Contacts;
			productReference = 9BC95BCE1B189E2C0078DCAE /* Contacts.app */;
			productType = "com.apple.product-type.application";
		};
		9BC95BEC1B189E2C0078DCAE /* ContactsTests */ = {
			isa = PBXNativeTarget;
			buildConfigurationList = 9BC95BFA1B189E2C0078DCAE /* Build configuration list for PBXNativeTarget "ContactsTests" */;
			buildPhases = (
				9BC95BE91B189E2C0078DCAE /* Sources */,
				9BC95BEA1B189E2C0078DCAE /* Frameworks */,
				9BC95BEB1B189E2C0078DCAE /* Resources */,
			);
			buildRules = (
			);
			dependencies = (
				9BC95BEF1B189E2C0078DCAE /* PBXTargetDependency */,
			);
			name = ContactsTests;
			productName = ContactsTests;
			productReference = 9BC95BED1B189E2C0078DCAE /* ContactsTests.xctest */;
			productType = "com.apple.product-type.bundle.unit-test";
		};
/* End PBXNativeTarget section */

/* Begin PBXProject section */
		9BC95BC61B189E2C0078DCAE /* Project object */ = {
			isa = PBXProject;
			attributes = {
				LastUpgradeCheck = 0630;
				ORGANIZATIONNAME = nReality;
				TargetAttributes = {
					9BC95BCD1B189E2C0078DCAE = {
						CreatedOnToolsVersion = 6.3.1;
					};
					9BC95BEC1B189E2C0078DCAE = {
						CreatedOnToolsVersion = 6.3.1;
						TestTargetID = 9BC95BCD1B189E2C0078DCAE;
					};
				};
			};
			buildConfigurationList = 9BC95BC91B189E2C0078DCAE /* Build configuration list for PBXProject "Contacts" */;
			compatibilityVersion = "Xcode 3.2";
			developmentRegion = English;
			hasScannedForEncodings = 0;
			knownRegions = (
				en,
				Base,
			);
			mainGroup = 9BC95BC51B189E2C0078DCAE;
			productRefGroup = 9BC95BCF1B189E2C0078DCAE /* Products */;
			projectDirPath = "";
			projectRoot = "";
			targets = (
				9BC95BCD1B189E2C0078DCAE /* Contacts */,
				9BC95BEC1B189E2C0078DCAE /* ContactsTests */,
			);
		};
/* End PBXProject section */

/* Begin PBXResourcesBuildPhase section */
		9BC95BCC1B189E2C0078DCAE /* Resources */ = {
			isa = PBXResourcesBuildPhase;
			buildActionMask = 2147483647;
			files = (
				9BC95BE31B189E2C0078DCAE /* Main.storyboard in Resources */,
				9BC95BE81B189E2C0078DCAE /* LaunchScreen.xib in Resources */,
				9BC95BE51B189E2C0078DCAE /* Images.xcassets in Resources */,
			);
			runOnlyForDeploymentPostprocessing = 0;
		};
		9BC95BEB1B189E2C0078DCAE /* Resources */ = {
			isa = PBXResourcesBuildPhase;
			buildActionMask = 2147483647;
			files = (
			);
			runOnlyForDeploymentPostprocessing = 0;
		};
/* End PBXResourcesBuildPhase section */

/* Begin PBXSourcesBuildPhase section */
		9BC95BCA1B189E2C0078DCAE /* Sources */ = {
			isa = PBXSourcesBuildPhase;
			buildActionMask = 2147483647;
			files = (
				9BC95BE01B189E2C0078DCAE /* DetailViewController.m in Sources */,
				9BC95BDD1B189E2C0078DCAE /* MasterViewController.m in Sources */,
				9BC95BD71B189E2C0078DCAE /* AppDelegate.m in Sources */,
				9BC95BD41B189E2C0078DCAE /* main.m in Sources */,
				9BC95BDA1B189E2C0078DCAE /* Contacts.xcdatamodeld in Sources */,
			);
			runOnlyForDeploymentPostprocessing = 0;
		};
		9BC95BE91B189E2C0078DCAE /* Sources */ = {
			isa = PBXSourcesBuildPhase;
			buildActionMask = 2147483647;
			files = (
				9BC95BF41B189E2C0078DCAE /* ContactsTests.m in Sources */,
			);
			runOnlyForDeploymentPostprocessing = 0;
		};
/* End PBXSourcesBuildPhase section */

/* Begin PBXTargetDependency section */
		9BC95BEF1B189E2C0078DCAE /* PBXTargetDependency */ = {
			isa = PBXTargetDependency;
			target = 9BC95BCD1B189E2C0078DCAE /* Contacts */;
			targetProxy = 9BC95BEE1B189E2C0078DCAE /* PBXContainerItemProxy */;
		};
/* End PBXTargetDependency section */

/* Begin PBXVariantGroup section */
		9BC95BE11B189E2C0078DCAE /* Main.storyboard */ = {
			isa = PBXVariantGroup;
			children = (
				9BC95BE21B189E2C0078DCAE /* Base */,
			);
			name = Main.storyboard;
			sourceTree = "<group>";
		};
		9BC95BE61B189E2C0078DCAE /* LaunchScreen.xib */ = {
			isa = PBXVariantGroup;
			children = (
				9BC95BE71B189E2C0078DCAE /* Base */,
			);
			name = LaunchScreen.xib;
			sourceTree = "<group>";
		};
/* End PBXVariantGroup section */

/* Begin XCBuildConfiguration section */
		9BC95BF51B189E2C0078DCAE /* Debug */ = {
			isa = XCBuildConfiguration;
			buildSettings = {
				ALWAYS_SEARCH_USER_PATHS = NO;
				CLANG_CXX_LANGUAGE_STANDARD = "gnu++0x";
				CLANG_CXX_LIBRARY = "libc++";
				CLANG_ENABLE_MODULES = YES;
				CLANG_ENABLE_OBJC_ARC = YES;
				CLANG_WARN_BOOL_CONVERSION = YES;
				CLANG_WARN_CONSTANT_CONVERSION = YES;
				CLANG_WARN_DIRECT_OBJC_ISA_USAGE = YES_ERROR;
				CLANG_WARN_EMPTY_BODY = YES;
				CLANG_WARN_ENUM_CONVERSION = YES;
				CLANG_WARN_INT_CONVERSION = YES;
				CLANG_WARN_OBJC_ROOT_CLASS = YES_ERROR;
				CLANG_WARN_UNREACHABLE_CODE = YES;
				CLANG_WARN__DUPLICATE_METHOD_MATCH = YES;
				"CODE_SIGN_IDENTITY[sdk=iphoneos*]" = "iPhone Developer";
				COPY_PHASE_STRIP = NO;
				DEBUG_INFORMATION_FORMAT = "dwarf-with-dsym";
				ENABLE_STRICT_OBJC_MSGSEND = YES;
				GCC_C_LANGUAGE_STANDARD = gnu99;
				GCC_DYNAMIC_NO_PIC = NO;
				GCC_NO_COMMON_BLOCKS = YES;
				GCC_OPTIMIZATION_LEVEL = 0;
				GCC_PREPROCESSOR_DEFINITIONS = (
					"DEBUG=1",
					"$(inherited)",
				);
				GCC_SYMBOLS_PRIVATE_EXTERN = NO;
				GCC_WARN_64_TO_32_BIT_CONVERSION = YES;
				GCC_WARN_ABOUT_RETURN_TYPE = YES_ERROR;
				GCC_WARN_UNDECLARED_SELECTOR = YES;
				GCC_WARN_UNINITIALIZED_AUTOS = YES_AGGRESSIVE;
				GCC_WARN_UNUSED_FUNCTION = YES;
				GCC_WARN_UNUSED_VARIABLE = YES;
				IPHONEOS_DEPLOYMENT_TARGET = 8.3;
				MTL_ENABLE_DEBUG_INFO = YES;
				ONLY_ACTIVE_ARCH = YES;
				SDKROOT = iphoneos;
			};
			name = Debug;
		};
		9BC95BF61B189E2C0078DCAE /* Release */ = {
			isa = XCBuildConfiguration;
			buildSettings = {
				ALWAYS_SEARCH_USER_PATHS = NO;
				CLANG_CXX_LANGUAGE_STANDARD = "gnu++0x";
				CLANG_CXX_LIBRARY = "libc++";
				CLANG_ENABLE_MODULES = YES;
				CLANG_ENABLE_OBJC_ARC = YES;
				CLANG_WARN_BOOL_CONVERSION = YES;
				CLANG_WARN_CONSTANT_CONVERSION = YES;
				CLANG_WARN_DIRECT_OBJC_ISA_USAGE = YES_ERROR;
				CLANG_WARN_EMPTY_BODY = YES;
				CLANG_WARN_ENUM_CONVERSION = YES;
				CLANG_WARN_INT_CONVERSION = YES;
				CLANG_WARN_OBJC_ROOT_CLASS = YES_ERROR;
				CLANG_WARN_UNREACHABLE_CODE = YES;
				CLANG_WARN__DUPLICATE_METHOD_MATCH = YES;
				"CODE_SIGN_IDENTITY[sdk=iphoneos*]" = "iPhone Developer";
				COPY_PHASE_STRIP = NO;
				DEBUG_INFORMATION_FORMAT = "dwarf-with-dsym";
				ENABLE_NS_ASSERTIONS = NO;
				ENABLE_STRICT_OBJC_MSGSEND = YES;
				GCC_C_LANGUAGE_STANDARD = gnu99;
				GCC_NO_COMMON_BLOCKS = YES;
				GCC_WARN_64_TO_32_BIT_CONVERSION = YES;
				GCC_WARN_ABOUT_RETURN_TYPE = YES_ERROR;
				GCC_WARN_UNDECLARED_SELECTOR = YES;
				GCC_WARN_UNINITIALIZED_AUTOS = YES_AGGRESSIVE;
				GCC_WARN_UNUSED_FUNCTION = YES;
				GCC_WARN_UNUSED_VARIABLE = YES;
				IPHONEOS_DEPLOYMENT_TARGET = 8.3;
				MTL_ENABLE_DEBUG_INFO = NO;
				SDKROOT = iphoneos;
				VALIDATE_PRODUCT = YES;
			};
			name = Release;
		};
		9BC95BF81B189E2C0078DCAE /* Debug */ = {
			isa = XCBuildConfiguration;
			buildSettings = {
				ASSETCATALOG_COMPILER_APPICON_NAME = AppIcon;
				INFOPLIST_FILE = Contacts/Info.plist;
				LD_RUNPATH_SEARCH_PATHS = "$(inherited) @executable_path/Frameworks";
				PRODUCT_NAME = "$(TARGET_NAME)";
			};
			name = Debug;
		};
		9BC95BF91B189E2C0078DCAE /* Release */ = {
			isa = XCBuildConfiguration;
			buildSettings = {
				ASSETCATALOG_COMPILER_APPICON_NAME = AppIcon;
				INFOPLIST_FILE = Contacts/Info.plist;
				LD_RUNPATH_SEARCH_PATHS = "$(inherited) @executable_path/Frameworks";
				PRODUCT_NAME = "$(TARGET_NAME)";
			};
			name = Release;
		};
		9BC95BFB1B189E2C0078DCAE /* Debug */ = {
			isa = XCBuildConfiguration;
			buildSettings = {
				BUNDLE_LOADER = "$(TEST_HOST)";
				FRAMEWORK_SEARCH_PATHS = (
					"$(SDKROOT)/Developer/Library/Frameworks",
					"$(inherited)",
				);
				GCC_PREPROCESSOR_DEFINITIONS = (
					"DEBUG=1",
					"$(inherited)",
				);
				INFOPLIST_FILE = ContactsTests/Info.plist;
				LD_RUNPATH_SEARCH_PATHS = "$(inherited) @executable_path/Frameworks @loader_path/Frameworks";
				PRODUCT_NAME = "$(TARGET_NAME)";
				TEST_HOST = "$(BUILT_PRODUCTS_DIR)/Contacts.app/Contacts";
			};
			name = Debug;
		};
		9BC95BFC1B189E2C0078DCAE /* Release */ = {
			isa = XCBuildConfiguration;
			buildSettings = {
				BUNDLE_LOADER = "$(TEST_HOST)";
				FRAMEWORK_SEARCH_PATHS = (
					"$(SDKROOT)/Developer/Library/Frameworks",
					"$(inherited)",
				);
				INFOPLIST_FILE = ContactsTests/Info.plist;
				LD_RUNPATH_SEARCH_PATHS = "$(inherited) @executable_path/Frameworks @loader_path/Frameworks";
				PRODUCT_NAME = "$(TARGET_NAME)";
				TEST_HOST = "$(BUILT_PRODUCTS_DIR)/Contacts.app/Contacts";
			};
			name = Release;
		};
/* End XCBuildConfiguration section */

/* Begin XCConfigurationList section */
		9BC95BC91B189E2C0078DCAE /* Build configuration list for PBXProject "Contacts" */ = {
			isa = XCConfigurationList;
			buildConfigurations = (
				9BC95BF51B189E2C0078DCAE /* Debug */,
				9BC95BF61B189E2C0078DCAE /* Release */,
			);
			defaultConfigurationIsVisible = 0;
			defaultConfigurationName = Release;
		};
		9BC95BF71B189E2C0078DCAE /* Build configuration list for PBXNativeTarget "Contacts" */ = {
			isa = XCConfigurationList;
			buildConfigurations = (
				9BC95BF81B189E2C0078DCAE /* Debug */,
				9BC95BF91B189E2C0078DCAE /* Release */,
			);
			defaultConfigurationIsVisible = 0;
		};
		9BC95BFA1B189E2C0078DCAE /* Build configuration list for PBXNativeTarget "ContactsTests" */ = {
			isa = XCConfigurationList;
			buildConfigurations = (
				9BC95BFB1B189E2C0078DCAE /* Debug */,
				9BC95BFC1B189E2C0078DCAE /* Release */,
			);
			defaultConfigurationIsVisible = 0;
		};
/* End XCConfigurationList section */

/* Begin XCVersionGroup section */
		9BC95BD81B189E2C0078DCAE /* Contacts.xcdatamodeld */ = {
			isa = XCVersionGroup;
			children = (
				9BC95BD91B189E2C0078DCAE /* Contacts.xcdatamodel */,
			);
			currentVersion = 9BC95BD91B189E2C0078DCAE /* Contacts.xcdatamodel */;
			path = Contacts.xcdatamodeld;
			sourceTree = "<group>";
			versionGroupType = wrapper.xcdatamodel;
		};
/* End XCVersionGroup section */
	};
	rootObject = 9BC95BC61B189E2C0078DCAE /* Project object */;
}
